{
  "name": "language-suricata-rules",
  "version": "1.0.0",
  "lockfileVersion": 2,
  "requires": true,
  "packages": {
    "": {
      "name": "language-suricata-rules",
      "version": "1.0.0",
      "license": "MIT",
      "dependencies": {
        "tree-sitter-suricata-rules": "^1.0.0"
      }
    },
    "node_modules/nan": {
      "version": "2.17.0",
      "resolved": "https://registry.npmjs.org/nan/-/nan-2.17.0.tgz",
      "integrity": "sha512-2ZTgtl0nJsO0KQCjEpxcIr5D+Yv90plTitZt9JBfQvVJDS5seMl3FOvsh3+9CoYWXf/1l5OaZzzF6nDm4cagaQ=="
    },
    "node_modules/tree-sitter-suricata-rules": {
      "version": "1.0.0",
      "resolved": "https://registry.npmjs.org/tree-sitter-suricata-rules/-/tree-sitter-suricata-rules-1.0.0.tgz",
      "integrity": "sha512-sQVktL1BWgINAS7kTPA6W6joFrgNg+LuPEvtieWzEeCiuO3eQ/awaG2sCKWgtv6f3P9gJMLRqalJAWAz3PnaJQ==",
      "hasInstallScript": true,
      "dependencies": {
        "nan": "^2.17.0"
      }
    }
  },
  "dependencies": {
    "nan": {
      "version": "2.17.0",
      "resolved": "https://registry.npmjs.org/nan/-/nan-2.17.0.tgz",
      "integrity": "sha512-2ZTgtl0nJsO0KQCjEpxcIr5D+Yv90plTitZt9JBfQvVJDS5seMl3FOvsh3+9CoYWXf/1l5OaZzzF6nDm4cagaQ=="
    },
    "tree-sitter-suricata-rules": {
      "version": "1.0.0",
      "resolved": "https://registry.npmjs.org/tree-sitter-suricata-rules/-/tree-sitter-suricata-rules-1.0.0.tgz",
      "integrity": "sha512-sQVktL1BWgINAS7kTPA6W6joFrgNg+LuPEvtieWzEeCiuO3eQ/awaG2sCKWgtv6f3P9gJMLRqalJAWAz3PnaJQ==",
      "requires": {
        "nan": "^2.17.0"
      }
    }
  }
}
